
Microsoft Visual Studio Solution File, Format Version 12.00
# Visual Studio 2013
VisualStudioVersion = 12.0.30110.0
MinimumVisualStudioVersion = 10.0.40219.1
Project("{FAE04EC0-301F-11D3-BF4B-00C04F79EFBC}") = "HelloEventStore", "HelloEventStore\HelloEventStore.csproj", "{41C488BA-E72B-4DBF-8139-B1CFD13A4E9A}"
EndProject
Project("{FAE04EC0-301F-11D3-BF4B-00C04F79EFBC}") = "HelloEventStore.Domain", "HelloEventStore.Domain\HelloEventStore.Domain.csproj", "{B870F645-2C8A-44B4-8B03-13A29751E872}"
EndProject
Project("{FAE04EC0-301F-11D3-BF4B-00C04F79EFBC}") = "HelloEventStore.Infrastructure", "HelloEventStore.Infrastructure\HelloEventStore.Infrastructure.csproj", "{CE4DC50A-A17F-4231-AAF2-59F473ADD513}"
EndProject
Project("{2150E333-8FDC-42A3-9474-1A3956D46DE8}") = ".nuget", ".nuget", "{A96CFB6E-BEC3-49D1-B9ED-0CADA49FF702}"
	ProjectSection(SolutionItems) = preProject
		.nuget\NuGet.Config = .nuget\NuGet.Config
		.nuget\NuGet.exe = .nuget\NuGet.exe
		.nuget\NuGet.targets = .nuget\NuGet.targets
	EndProjectSection
EndProject
Project("{FAE04EC0-301F-11D3-BF4B-00C04F79EFBC}") = "HelloEventStore.Tests", "HelloEventStore.Tests\HelloEventStore.Tests.csproj", "{FA43A99A-1813-4532-A00A-A570F92CF971}"
EndProject
Project("{F2A71F9B-5D33-465A-A702-920D77279786}") = "HelloEventStore.Domain.Contract", "HelloEventStore.Domain.Contract\HelloEventStore.Domain.Contract.fsproj", "{92B81237-69D5-4A55-A9C1-522CDD6AB516}"
EndProject
Project("{FAE04EC0-301F-11D3-BF4B-00C04F79EFBC}") = "HelloEventStore.Web", "HelloEventStore.Web\HelloEventStore.Web.csproj", "{7C8F994E-CBEC-485E-BC3D-214AE8137F39}"
EndProject
Global
	GlobalSection(SolutionConfigurationPlatforms) = preSolution
		Debug|Any CPU = Debug|Any CPU
		Release|Any CPU = Release|Any CPU
	EndGlobalSection
	GlobalSection(ProjectConfigurationPlatforms) = postSolution
		{41C488BA-E72B-4DBF-8139-B1CFD13A4E9A}.Debug|Any CPU.ActiveCfg = Debug|Any CPU
		{41C488BA-E72B-4DBF-8139-B1CFD13A4E9A}.Debug|Any CPU.Build.0 = Debug|Any CPU
		{41C488BA-E72B-4DBF-8139-B1CFD13A4E9A}.Release|Any CPU.ActiveCfg = Release|Any CPU
		{41C488BA-E72B-4DBF-8139-B1CFD13A4E9A}.Release|Any CPU.Build.0 = Release|Any CPU
		{B870F645-2C8A-44B4-8B03-13A29751E872}.Debug|Any CPU.ActiveCfg = Debug|Any CPU
		{B870F645-2C8A-44B4-8B03-13A29751E872}.Debug|Any CPU.Build.0 = Debug|Any CPU
		{B870F645-2C8A-44B4-8B03-13A29751E872}.Release|Any CPU.ActiveCfg = Release|Any CPU
		{B870F645-2C8A-44B4-8B03-13A29751E872}.Release|Any CPU.Build.0 = Release|Any CPU
		{CE4DC50A-A17F-4231-AAF2-59F473ADD513}.Debug|Any CPU.ActiveCfg = Debug|Any CPU
		{CE4DC50A-A17F-4231-AAF2-59F473ADD513}.Debug|Any CPU.Build.0 = Debug|Any CPU
		{CE4DC50A-A17F-4231-AAF2-59F473ADD513}.Release|Any CPU.ActiveCfg = Release|Any CPU
		{CE4DC50A-A17F-4231-AAF2-59F473ADD513}.Release|Any CPU.Build.0 = Release|Any CPU
		{FA43A99A-1813-4532-A00A-A570F92CF971}.Debug|Any CPU.ActiveCfg = Debug|Any CPU
		{FA43A99A-1813-4532-A00A-A570F92CF971}.Debug|Any CPU.Build.0 = Debug|Any CPU
		{FA43A99A-1813-4532-A00A-A570F92CF971}.Release|Any CPU.ActiveCfg = Release|Any CPU
		{FA43A99A-1813-4532-A00A-A570F92CF971}.Release|Any CPU.Build.0 = Release|Any CPU
		{92B81237-69D5-4A55-A9C1-522CDD6AB516}.Debug|Any CPU.ActiveCfg = Debug|Any CPU
		{92B81237-69D5-4A55-A9C1-522CDD6AB516}.Debug|Any CPU.Build.0 = Debug|Any CPU
		{92B81237-69D5-4A55-A9C1-522CDD6AB516}.Release|Any CPU.ActiveCfg = Release|Any CPU
		{92B81237-69D5-4A55-A9C1-522CDD6AB516}.Release|Any CPU.Build.0 = Release|Any CPU
		{7C8F994E-CBEC-485E-BC3D-214AE8137F39}.Debug|Any CPU.ActiveCfg = Debug|Any CPU
		{7C8F994E-CBEC-485E-BC3D-214AE8137F39}.Debug|Any CPU.Build.0 = Debug|Any CPU
		{7C8F994E-CBEC-485E-BC3D-214AE8137F39}.Release|Any CPU.ActiveCfg = Release|Any CPU
		{7C8F994E-CBEC-485E-BC3D-214AE8137F39}.Release|Any CPU.Build.0 = Release|Any CPU
	EndGlobalSection
	GlobalSection(SolutionProperties) = preSolution
		HideSolutionNode = FALSE
	EndGlobalSection
EndGlobal
